
Microsoft Visual Studio Solution File, Format Version 12.00
# Visual Studio Version 17
VisualStudioVersion = 17.12.35514.174
MinimumVisualStudioVersion = 10.0.40219.1
Project("{8BC9CEB8-8B4A-11D0-8D11-00A0C91BC942}") = "Cube", "Cube\Cube.vcxproj", "{7450D697-7AA0-45C8-B0FC-7B135A21ACB8}"
EndProject
Project("{8BC9CEB8-8B4A-11D0-8D11-00A0C91BC942}") = "Hermine_Bezie", "Hermine_Bezie\Hermine_Bezie.vcxproj", "{9D7C9005-2A18-4697-93F9-09CF368187BF}"
EndProject
Global
	GlobalSection(SolutionConfigurationPlatforms) = preSolution
		Debug|x64 = Debug|x64
		Debug|x86 = Debug|x86
		Release|x64 = Release|x64
		Release|x86 = Release|x86
	EndGlobalSection
	GlobalSection(ProjectConfigurationPlatforms) = postSolution
		{7450D697-7AA0-45C8-B0FC-7B135A21ACB8}.Debug|x64.ActiveCfg = Debug|x64
		{7450D697-7AA0-45C8-B0FC-7B135A21ACB8}.Debug|x64.Build.0 = Debug|x64
		{7450D697-7AA0-45C8-B0FC-7B135A21ACB8}.Debug|x86.ActiveCfg = Debug|Win32
		{7450D697-7AA0-45C8-B0FC-7B135A21ACB8}.Debug|x86.Build.0 = Debug|Win32
		{7450D697-7AA0-45C8-B0FC-7B135A21ACB8}.Release|x64.ActiveCfg = Release|x64
		{7450D697-7AA0-45C8-B0FC-7B135A21ACB8}.Release|x64.Build.0 = Release|x64
		{7450D697-7AA0-45C8-B0FC-7B135A21ACB8}.Release|x86.ActiveCfg = Release|Win32
		{7450D697-7AA0-45C8-B0FC-7B135A21ACB8}.Release|x86.Build.0 = Release|Win32
		{9D7C9005-2A18-4697-93F9-09CF368187BF}.Debug|x64.ActiveCfg = Debug|x64
		{9D7C9005-2A18-4697-93F9-09CF368187BF}.Debug|x64.Build.0 = Debug|x64
		{9D7C9005-2A18-4697-93F9-09CF368187BF}.Debug|x86.ActiveCfg = Debug|Win32
		{9D7C9005-2A18-4697-93F9-09CF368187BF}.Debug|x86.Build.0 = Debug|Win32
		{9D7C9005-2A18-4697-93F9-09CF368187BF}.Release|x64.ActiveCfg = Release|x64
		{9D7C9005-2A18-4697-93F9-09CF368187BF}.Release|x64.Build.0 = Release|x64
		{9D7C9005-2A18-4697-93F9-09CF368187BF}.Release|x86.ActiveCfg = Release|Win32
		{9D7C9005-2A18-4697-93F9-09CF368187BF}.Release|x86.Build.0 = Release|Win32
	EndGlobalSection
	GlobalSection(SolutionProperties) = preSolution
		HideSolutionNode = FALSE
	EndGlobalSection
EndGlobal
